
Microsoft Visual Studio Solution File, Format Version 12.00
# Visual Studio Version 17
VisualStudioVersion = 17.13.35919.96
MinimumVisualStudioVersion = 10.0.40219.1
Project("{FAE04EC0-301F-11D3-BF4B-00C04F79EFBC}") = "Todo", "Todo.csproj", "{F2BEBB86-84FD-DB26-135C-E5D63312FA91}"
EndProject
Project("{FAE04EC0-301F-11D3-BF4B-00C04F79EFBC}") = "Todo.Tests", "Todo.Tests\Todo.Tests.csproj", "{BA8300B9-0D30-4F15-8724-71E0013ADC15}"
EndProject
Project("{FAE04EC0-301F-11D3-BF4B-00C04F79EFBC}") = "AuthApp", "..\DIY_dotNET_003\AuthApp\AuthApp.csproj", "{D3C2165E-1350-26B6-2F70-4AAB82A62664}"
EndProject
Project("{FAE04EC0-301F-11D3-BF4B-00C04F79EFBC}") = "Services", "Services\Services\Services.csproj", "{FA41E3F5-D6D3-4FD5-9E82-724634E7FC80}"
EndProject
Project("{FAE04EC0-301F-11D3-BF4B-00C04F79EFBC}") = "Repositories", "Repositories\Repositories\Repositories.csproj", "{8D4A3765-F451-4CFC-A6F1-F741A4962E6A}"
EndProject
Global
	GlobalSection(SolutionConfigurationPlatforms) = preSolution
		Debug|Any CPU = Debug|Any CPU
		Release|Any CPU = Release|Any CPU
	EndGlobalSection
	GlobalSection(ProjectConfigurationPlatforms) = postSolution
		{F2BEBB86-84FD-DB26-135C-E5D63312FA91}.Debug|Any CPU.ActiveCfg = Debug|Any CPU
		{F2BEBB86-84FD-DB26-135C-E5D63312FA91}.Debug|Any CPU.Build.0 = Debug|Any CPU
		{F2BEBB86-84FD-DB26-135C-E5D63312FA91}.Release|Any CPU.ActiveCfg = Release|Any CPU
		{F2BEBB86-84FD-DB26-135C-E5D63312FA91}.Release|Any CPU.Build.0 = Release|Any CPU
		{BA8300B9-0D30-4F15-8724-71E0013ADC15}.Debug|Any CPU.ActiveCfg = Debug|Any CPU
		{BA8300B9-0D30-4F15-8724-71E0013ADC15}.Debug|Any CPU.Build.0 = Debug|Any CPU
		{BA8300B9-0D30-4F15-8724-71E0013ADC15}.Release|Any CPU.ActiveCfg = Release|Any CPU
		{BA8300B9-0D30-4F15-8724-71E0013ADC15}.Release|Any CPU.Build.0 = Release|Any CPU
		{D3C2165E-1350-26B6-2F70-4AAB82A62664}.Debug|Any CPU.ActiveCfg = Debug|Any CPU
		{D3C2165E-1350-26B6-2F70-4AAB82A62664}.Debug|Any CPU.Build.0 = Debug|Any CPU
		{D3C2165E-1350-26B6-2F70-4AAB82A62664}.Release|Any CPU.ActiveCfg = Release|Any CPU
		{D3C2165E-1350-26B6-2F70-4AAB82A62664}.Release|Any CPU.Build.0 = Release|Any CPU
		{FA41E3F5-D6D3-4FD5-9E82-724634E7FC80}.Debug|Any CPU.ActiveCfg = Debug|Any CPU
		{FA41E3F5-D6D3-4FD5-9E82-724634E7FC80}.Debug|Any CPU.Build.0 = Debug|Any CPU
		{FA41E3F5-D6D3-4FD5-9E82-724634E7FC80}.Release|Any CPU.ActiveCfg = Release|Any CPU
		{FA41E3F5-D6D3-4FD5-9E82-724634E7FC80}.Release|Any CPU.Build.0 = Release|Any CPU
		{8D4A3765-F451-4CFC-A6F1-F741A4962E6A}.Debug|Any CPU.ActiveCfg = Debug|Any CPU
		{8D4A3765-F451-4CFC-A6F1-F741A4962E6A}.Debug|Any CPU.Build.0 = Debug|Any CPU
		{8D4A3765-F451-4CFC-A6F1-F741A4962E6A}.Release|Any CPU.ActiveCfg = Release|Any CPU
		{8D4A3765-F451-4CFC-A6F1-F741A4962E6A}.Release|Any CPU.Build.0 = Release|Any CPU
	EndGlobalSection
	GlobalSection(SolutionProperties) = preSolution
		HideSolutionNode = FALSE
	EndGlobalSection
	GlobalSection(ExtensibilityGlobals) = postSolution
		SolutionGuid = {C5D70701-140A-40B7-BBCD-F8D4C902A145}
	EndGlobalSection
EndGlobal
